
Microsoft Visual Studio Solution File, Format Version 12.00
# Visual Studio Version 16
VisualStudioVersion = 16.0.31624.102
MinimumVisualStudioVersion = 10.0.40219.1
Project("{FAE04EC0-301F-11D3-BF4B-00C04F79EFBC}") = "Monthly_payment_cacl", "Monthly_payment_cacl\Monthly_payment_cacl.csproj", "{2C486712-6288-41F8-9406-17879EE6C3C5}"
EndProject
Global
	GlobalSection(SolutionConfigurationPlatforms) = preSolution
		Debug|Any CPU = Debug|Any CPU
		Release|Any CPU = Release|Any CPU
	EndGlobalSection
	GlobalSection(ProjectConfigurationPlatforms) = postSolution
		{2C486712-6288-41F8-9406-17879EE6C3C5}.Debug|Any CPU.ActiveCfg = Debug|Any CPU
		{2C486712-6288-41F8-9406-17879EE6C3C5}.Debug|Any CPU.Build.0 = Debug|Any CPU
		{2C486712-6288-41F8-9406-17879EE6C3C5}.Release|Any CPU.ActiveCfg = Release|Any CPU
		{2C486712-6288-41F8-9406-17879EE6C3C5}.Release|Any CPU.Build.0 = Release|Any CPU
	EndGlobalSection
	GlobalSection(SolutionProperties) = preSolution
		HideSolutionNode = FALSE
	EndGlobalSection
	GlobalSection(ExtensibilityGlobals) = postSolution
		SolutionGuid = {7BF2EC90-D5FA-4673-ABDC-73E1DA121338}
	EndGlobalSection
EndGlobal
